// !$*UTF8*$!
{
	archiveVersion = 1;
	classes = {
	};
	objectVersion = 46;
	objects = {

/* Begin PBXBuildFile section */
		7406EA541D6BFD27007808BB /* main.m in Sources */ = {isa = PBXBuildFile; fileRef = 7406EA531D6BFD27007808BB /* main.m */; };
		7406EA571D6BFD28007808BB /* AppDelegate.m in Sources */ = {isa = PBXBuildFile; fileRef = 7406EA561D6BFD28007808BB /* AppDelegate.m */; };
		7406EA5A1D6BFD28007808BB /* ViewController.m in Sources */ = {isa = PBXBuildFile; fileRef = 7406EA591D6BFD28007808BB /* ViewController.m */; };
		7406EA5D1D6BFD28007808BB /* Main.storyboard in Resources */ = {isa = PBXBuildFile; fileRef = 7406EA5B1D6BFD28007808BB /* Main.storyboard */; };
		7406EA5F1D6BFD28007808BB /* Assets.xcassets in Resources */ = {isa = PBXBuildFile; fileRef = 7406EA5E1D6BFD28007808BB /* Assets.xcassets */; };
		7406EA621D6BFD28007808BB /* LaunchScreen.storyboard in Resources */ = {isa = PBXBuildFile; fileRef = 7406EA601D6BFD28007808BB /* LaunchScreen.storyboard */; };
		7406EA6D1D6BFD28007808BB /* XBUtilsTests.m in Sources */ = {isa = PBXBuildFile; fileRef = 7406EA6C1D6BFD28007808BB /* XBUtilsTests.m */; };
		7406EA781D6BFD28007808BB /* XBUtilsUITests.m in Sources */ = {isa = PBXBuildFile; fileRef = 7406EA771D6BFD28007808BB /* XBUtilsUITests.m */; };
		741BC1501E2363AC0056F5B2 /* UIButton+XBPosition.m in Sources */ = {isa = PBXBuildFile; fileRef = 741BC14F1E2363AC0056F5B2 /* UIButton+XBPosition.m */; };
		742239BE1F271E2E00006908 /* UIView+CornerRadius.m in Sources */ = {isa = PBXBuildFile; fileRef = 742239B91F271E2E00006908 /* UIView+CornerRadius.m */; };
		742239BF1F271E2E00006908 /* UIView+DashLine.m in Sources */ = {isa = PBXBuildFile; fileRef = 742239BB1F271E2E00006908 /* UIView+DashLine.m */; };
		742239C01F271E2E00006908 /* UIView+XBAdd.m in Sources */ = {isa = PBXBuildFile; fileRef = 742239BD1F271E2E00006908 /* UIView+XBAdd.m */; };
		7439182E1DC04B8900FCA6C6 /* GCDMulticastDelegate.m in Sources */ = {isa = PBXBuildFile; fileRef = 743918261DC04B8900FCA6C6 /* GCDMulticastDelegate.m */; };
		7439182F1DC04B8900FCA6C6 /* XBJsonKit.m in Sources */ = {isa = PBXBuildFile; fileRef = 743918291DC04B8900FCA6C6 /* XBJsonKit.m */; };
		743918301DC04B8900FCA6C6 /* XBWeakProxy.m in Sources */ = {isa = PBXBuildFile; fileRef = 7439182B1DC04B8900FCA6C6 /* XBWeakProxy.m */; };
		743918351DC04EED00FCA6C6 /* NSString+XBAppVersion.m in Sources */ = {isa = PBXBuildFile; fileRef = 743918341DC04EED00FCA6C6 /* NSString+XBAppVersion.m */; };
		743918381DC053EC00FCA6C6 /* XBAppVersion.m in Sources */ = {isa = PBXBuildFile; fileRef = 743918371DC053EC00FCA6C6 /* XBAppVersion.m */; };
		7439C6351EBC8009003C6C64 /* NSNull+Safe.m in Sources */ = {isa = PBXBuildFile; fileRef = 7439C6311EBC8009003C6C64 /* NSNull+Safe.m */; };
		7439C6361EBC8009003C6C64 /* NSURL+ParameterParser.m in Sources */ = {isa = PBXBuildFile; fileRef = 7439C6341EBC8009003C6C64 /* NSURL+ParameterParser.m */; };
		7439C6391EBC8029003C6C64 /* NSMutableArray+SafeOperation.m in Sources */ = {isa = PBXBuildFile; fileRef = 7439C6381EBC8029003C6C64 /* NSMutableArray+SafeOperation.m */; };
		7439C63C1EBC8067003C6C64 /* NSArray+ImageNames.m in Sources */ = {isa = PBXBuildFile; fileRef = 7439C63B1EBC8067003C6C64 /* NSArray+ImageNames.m */; };
		74723ABD1DC6E4BC00509AB8 /* XBFileHash.m in Sources */ = {isa = PBXBuildFile; fileRef = 74723ABC1DC6E4BC00509AB8 /* XBFileHash.m */; };
		7474AD161F316FAE0040D241 /* UIImage+ImageEffects.m in Sources */ = {isa = PBXBuildFile; fileRef = 7474AD151F316FAE0040D241 /* UIImage+ImageEffects.m */; };
		7474AD191F3171910040D241 /* UIImage+XBAdd.m in Sources */ = {isa = PBXBuildFile; fileRef = 7474AD181F3171910040D241 /* UIImage+XBAdd.m */; };
		74EDE3E81EA8B827001C3E00 /* NSString+Hashes.m in Sources */ = {isa = PBXBuildFile; fileRef = 74EDE3E71EA8B827001C3E00 /* NSString+Hashes.m */; };
		74EDE3EB1EA8BAC0001C3E00 /* NSString+DeviceHelper.m in Sources */ = {isa = PBXBuildFile; fileRef = 74EDE3EA1EA8BAC0001C3E00 /* NSString+DeviceHelper.m */; };
		74F5E20C1EA99F7400F29E62 /* NSString+Size.m in Sources */ = {isa = PBXBuildFile; fileRef = 74F5E20B1EA99F7400F29E62 /* NSString+Size.m */; };
		74FFF5071ECBFF7300B09B2B /* XBDispatchAfter.m in Sources */ = {isa = PBXBuildFile; fileRef = 74FFF5061ECBFF7300B09B2B /* XBDispatchAfter.m */; };
/* End PBXBuildFile section */

/* Begin PBXContainerItemProxy section */
		7406EA691D6BFD28007808BB /* PBXContainerItemProxy */ = {
			isa = PBXContainerItemProxy;
			containerPortal = 7406EA471D6BFD27007808BB /* Project object */;
			proxyType = 1;
			remoteGlobalIDString = 7406EA4E1D6BFD27007808BB;
			remoteInfo = XBUtils;
		};
		7406EA741D6BFD28007808BB /* PBXContainerItemProxy */ = {
			isa = PBXContainerItemProxy;
			containerPortal = 7406EA471D6BFD27007808BB /* Project object */;
			proxyType = 1;
			remoteGlobalIDString = 7406EA4E1D6BFD27007808BB;
			remoteInfo = XBUtils;
		};
/* End PBXContainerItemProxy section */

/* Begin PBXFileReference section */
		7406EA4F1D6BFD27007808BB /* XBUtils.app */ = {isa = PBXFileReference; explicitFileType = wrapper.application; includeInIndex = 0; path = XBUtils.app; sourceTree = BUILT_PRODUCTS_DIR; };
		7406EA531D6BFD27007808BB /* main.m */ = {isa = PBXFileReference; lastKnownFileType = sourcecode.c.objc; path = main.m; sourceTree = "<group>"; };
		7406EA551D6BFD27007808BB /* AppDelegate.h */ = {isa = PBXFileReference; lastKnownFileType = sourcecode.c.h; path = AppDelegate.h; sourceTree = "<group>"; };
		7406EA561D6BFD28007808BB /* AppDelegate.m */ = {isa = PBXFileReference; lastKnownFileType = sourcecode.c.objc; path = AppDelegate.m; sourceTree = "<group>"; };
		7406EA581D6BFD28007808BB /* ViewController.h */ = {isa = PBXFileReference; lastKnownFileType = sourcecode.c.h; path = ViewController.h; sourceTree = "<group>"; };
		7406EA591D6BFD28007808BB /* ViewController.m */ = {isa = PBXFileReference; lastKnownFileType = sourcecode.c.objc; path = ViewController.m; sourceTree = "<group>"; };
		7406EA5C1D6BFD28007808BB /* Base */ = {isa = PBXFileReference; lastKnownFileType = file.storyboard; name = Base; path = Base.lproj/Main.storyboard; sourceTree = "<group>"; };
		7406EA5E1D6BFD28007808BB /* Assets.xcassets */ = {isa = PBXFileReference; lastKnownFileType = folder.assetcatalog; path = Assets.xcassets; sourceTree = "<group>"; };
		7406EA611D6BFD28007808BB /* Base */ = {isa = PBXFileReference; lastKnownFileType = file.storyboard; name = Base; path = Base.lproj/LaunchScreen.storyboard; sourceTree = "<group>"; };
		7406EA631D6BFD28007808BB /* Info.plist */ = {isa = PBXFileReference; lastKnownFileType = text.plist.xml; path = Info.plist; sourceTree = "<group>"; };
		7406EA681D6BFD28007808BB /* XBUtilsTests.xctest */ = {isa = PBXFileReference; explicitFileType = wrapper.cfbundle; includeInIndex = 0; path = XBUtilsTests.xctest; sourceTree = BUILT_PRODUCTS_DIR; };
		7406EA6C1D6BFD28007808BB /* XBUtilsTests.m */ = {isa = PBXFileReference; lastKnownFileType = sourcecode.c.objc; path = XBUtilsTests.m; sourceTree = "<group>"; };
		7406EA6E1D6BFD28007808BB /* Info.plist */ = {isa = PBXFileReference; lastKnownFileType = text.plist.xml; path = Info.plist; sourceTree = "<group>"; };
		7406EA731D6BFD28007808BB /* XBUtilsUITests.xctest */ = {isa = PBXFileReference; explicitFileType = wrapper.cfbundle; includeInIndex = 0; path = XBUtilsUITests.xctest; sourceTree = BUILT_PRODUCTS_DIR; };
		7406EA771D6BFD28007808BB /* XBUtilsUITests.m */ = {isa = PBXFileReference; lastKnownFileType = sourcecode.c.objc; path = XBUtilsUITests.m; sourceTree = "<group>"; };
		7406EA791D6BFD28007808BB /* Info.plist */ = {isa = PBXFileReference; lastKnownFileType = text.plist.xml; path = Info.plist; sourceTree = "<group>"; };
		741BC14E1E2363AC0056F5B2 /* UIButton+XBPosition.h */ = {isa = PBXFileReference; fileEncoding = 4; lastKnownFileType = sourcecode.c.h; path = "UIButton+XBPosition.h"; sourceTree = "<group>"; };
		741BC14F1E2363AC0056F5B2 /* UIButton+XBPosition.m */ = {isa = PBXFileReference; fileEncoding = 4; lastKnownFileType = sourcecode.c.objc; path = "UIButton+XBPosition.m"; sourceTree = "<group>"; };
		742239B81F271E2E00006908 /* UIView+CornerRadius.h */ = {isa = PBXFileReference; fileEncoding = 4; lastKnownFileType = sourcecode.c.h; path = "UIView+CornerRadius.h"; sourceTree = "<group>"; };
		742239B91F271E2E00006908 /* UIView+CornerRadius.m */ = {isa = PBXFileReference; fileEncoding = 4; lastKnownFileType = sourcecode.c.objc; path = "UIView+CornerRadius.m"; sourceTree = "<group>"; };
		742239BA1F271E2E00006908 /* UIView+DashLine.h */ = {isa = PBXFileReference; fileEncoding = 4; lastKnownFileType = sourcecode.c.h; path = "UIView+DashLine.h"; sourceTree = "<group>"; };
		742239BB1F271E2E00006908 /* UIView+DashLine.m */ = {isa = PBXFileReference; fileEncoding = 4; lastKnownFileType = sourcecode.c.objc; path = "UIView+DashLine.m"; sourceTree = "<group>"; };
		742239BC1F271E2E00006908 /* UIView+XBAdd.h */ = {isa = PBXFileReference; fileEncoding = 4; lastKnownFileType = sourcecode.c.h; path = "UIView+XBAdd.h"; sourceTree = "<group>"; };
		742239BD1F271E2E00006908 /* UIView+XBAdd.m */ = {isa = PBXFileReference; fileEncoding = 4; lastKnownFileType = sourcecode.c.objc; path = "UIView+XBAdd.m"; sourceTree = "<group>"; };
		743918251DC04B8900FCA6C6 /* GCDMulticastDelegate.h */ = {isa = PBXFileReference; fileEncoding = 4; lastKnownFileType = sourcecode.c.h; path = GCDMulticastDelegate.h; sourceTree = "<group>"; };
		743918261DC04B8900FCA6C6 /* GCDMulticastDelegate.m */ = {isa = PBXFileReference; fileEncoding = 4; lastKnownFileType = sourcecode.c.objc; path = GCDMulticastDelegate.m; sourceTree = "<group>"; };
		743918281DC04B8900FCA6C6 /* XBJsonKit.h */ = {isa = PBXFileReference; fileEncoding = 4; lastKnownFileType = sourcecode.c.h; path = XBJsonKit.h; sourceTree = "<group>"; };
		743918291DC04B8900FCA6C6 /* XBJsonKit.m */ = {isa = PBXFileReference; fileEncoding = 4; lastKnownFileType = sourcecode.c.objc; path = XBJsonKit.m; sourceTree = "<group>"; };
		7439182A1DC04B8900FCA6C6 /* XBWeakProxy.h */ = {isa = PBXFileReference; fileEncoding = 4; lastKnownFileType = sourcecode.c.h; path = XBWeakProxy.h; sourceTree = "<group>"; };
		7439182B1DC04B8900FCA6C6 /* XBWeakProxy.m */ = {isa = PBXFileReference; fileEncoding = 4; lastKnownFileType = sourcecode.c.objc; path = XBWeakProxy.m; sourceTree = "<group>"; };
		7439182C1DC04B8900FCA6C6 /* XBUtils.h */ = {isa = PBXFileReference; fileEncoding = 4; lastKnownFileType = sourcecode.c.h; path = XBUtils.h; sourceTree = "<group>"; };
		743918331DC04EED00FCA6C6 /* NSString+XBAppVersion.h */ = {isa = PBXFileReference; fileEncoding = 4; lastKnownFileType = sourcecode.c.h; path = "NSString+XBAppVersion.h"; sourceTree = "<group>"; };
		743918341DC04EED00FCA6C6 /* NSString+XBAppVersion.m */ = {isa = PBXFileReference; fileEncoding = 4; lastKnownFileType = sourcecode.c.objc; path = "NSString+XBAppVersion.m"; sourceTree = "<group>"; };
		743918361DC053EC00FCA6C6 /* XBAppVersion.h */ = {isa = PBXFileReference; fileEncoding = 4; lastKnownFileType = sourcecode.c.h; path = XBAppVersion.h; sourceTree = "<group>"; };
		743918371DC053EC00FCA6C6 /* XBAppVersion.m */ = {isa = PBXFileReference; fileEncoding = 4; lastKnownFileType = sourcecode.c.objc; path = XBAppVersion.m; sourceTree = "<group>"; };
		7439C6301EBC8009003C6C64 /* NSNull+Safe.h */ = {isa = PBXFileReference; fileEncoding = 4; lastKnownFileType = sourcecode.c.h; path = "NSNull+Safe.h"; sourceTree = "<group>"; };
		7439C6311EBC8009003C6C64 /* NSNull+Safe.m */ = {isa = PBXFileReference; fileEncoding = 4; lastKnownFileType = sourcecode.c.objc; path = "NSNull+Safe.m"; sourceTree = "<group>"; };
		7439C6331EBC8009003C6C64 /* NSURL+ParameterParser.h */ = {isa = PBXFileReference; fileEncoding = 4; lastKnownFileType = sourcecode.c.h; path = "NSURL+ParameterParser.h"; sourceTree = "<group>"; };
		7439C6341EBC8009003C6C64 /* NSURL+ParameterParser.m */ = {isa = PBXFileReference; fileEncoding = 4; lastKnownFileType = sourcecode.c.objc; path = "NSURL+ParameterParser.m"; sourceTree = "<group>"; };
		7439C6371EBC8029003C6C64 /* NSMutableArray+SafeOperation.h */ = {isa = PBXFileReference; fileEncoding = 4; lastKnownFileType = sourcecode.c.h; path = "NSMutableArray+SafeOperation.h"; sourceTree = "<group>"; };
		7439C6381EBC8029003C6C64 /* NSMutableArray+SafeOperation.m */ = {isa = PBXFileReference; fileEncoding = 4; lastKnownFileType = sourcecode.c.objc; path = "NSMutableArray+SafeOperation.m"; sourceTree = "<group>"; };
		7439C63A1EBC8067003C6C64 /* NSArray+ImageNames.h */ = {isa = PBXFileReference; fileEncoding = 4; lastKnownFileType = sourcecode.c.h; path = "NSArray+ImageNames.h"; sourceTree = "<group>"; };
		7439C63B1EBC8067003C6C64 /* NSArray+ImageNames.m */ = {isa = PBXFileReference; fileEncoding = 4; lastKnownFileType = sourcecode.c.objc; path = "NSArray+ImageNames.m"; sourceTree = "<group>"; };
		74723ABB1DC6E4BC00509AB8 /* XBFileHash.h */ = {isa = PBXFileReference; fileEncoding = 4; lastKnownFileType = sourcecode.c.h; path = XBFileHash.h; sourceTree = "<group>"; };
		74723ABC1DC6E4BC00509AB8 /* XBFileHash.m */ = {isa = PBXFileReference; fileEncoding = 4; lastKnownFileType = sourcecode.c.objc; path = XBFileHash.m; sourceTree = "<group>"; };
		7474AD141F316FAE0040D241 /* UIImage+ImageEffects.h */ = {isa = PBXFileReference; fileEncoding = 4; lastKnownFileType = sourcecode.c.h; path = "UIImage+ImageEffects.h"; sourceTree = "<group>"; };
		7474AD151F316FAE0040D241 /* UIImage+ImageEffects.m */ = {isa = PBXFileReference; fileEncoding = 4; lastKnownFileType = sourcecode.c.objc; path = "UIImage+ImageEffects.m"; sourceTree = "<group>"; };
		7474AD171F3171910040D241 /* UIImage+XBAdd.h */ = {isa = PBXFileReference; fileEncoding = 4; lastKnownFileType = sourcecode.c.h; path = "UIImage+XBAdd.h"; sourceTree = "<group>"; };
		7474AD181F3171910040D241 /* UIImage+XBAdd.m */ = {isa = PBXFileReference; fileEncoding = 4; lastKnownFileType = sourcecode.c.objc; path = "UIImage+XBAdd.m"; sourceTree = "<group>"; };
		74EDE3E61EA8B827001C3E00 /* NSString+Hashes.h */ = {isa = PBXFileReference; fileEncoding = 4; lastKnownFileType = sourcecode.c.h; path = "NSString+Hashes.h"; sourceTree = "<group>"; };
		74EDE3E71EA8B827001C3E00 /* NSString+Hashes.m */ = {isa = PBXFileReference; fileEncoding = 4; lastKnownFileType = sourcecode.c.objc; path = "NSString+Hashes.m"; sourceTree = "<group>"; };
		74EDE3E91EA8BAC0001C3E00 /* NSString+DeviceHelper.h */ = {isa = PBXFileReference; fileEncoding = 4; lastKnownFileType = sourcecode.c.h; path = "NSString+DeviceHelper.h"; sourceTree = "<group>"; };
		74EDE3EA1EA8BAC0001C3E00 /* NSString+DeviceHelper.m */ = {isa = PBXFileReference; fileEncoding = 4; lastKnownFileType = sourcecode.c.objc; path = "NSString+DeviceHelper.m"; sourceTree = "<group>"; };
		74F5E20A1EA99F7400F29E62 /* NSString+Size.h */ = {isa = PBXFileReference; fileEncoding = 4; lastKnownFileType = sourcecode.c.h; path = "NSString+Size.h"; sourceTree = "<group>"; };
		74F5E20B1EA99F7400F29E62 /* NSString+Size.m */ = {isa = PBXFileReference; fileEncoding = 4; lastKnownFileType = sourcecode.c.objc; path = "NSString+Size.m"; sourceTree = "<group>"; };
		74FFF5051ECBFF7300B09B2B /* XBDispatchAfter.h */ = {isa = PBXFileReference; fileEncoding = 4; lastKnownFileType = sourcecode.c.h; path = XBDispatchAfter.h; sourceTree = "<group>"; };
		74FFF5061ECBFF7300B09B2B /* XBDispatchAfter.m */ = {isa = PBXFileReference; fileEncoding = 4; lastKnownFileType = sourcecode.c.objc; path = XBDispatchAfter.m; sourceTree = "<group>"; };
/* End PBXFileReference section */

/* Begin PBXFrameworksBuildPhase section */
		7406EA4C1D6BFD27007808BB /* Frameworks */ = {
			isa = PBXFrameworksBuildPhase;
			buildActionMask = 2147483647;
			files = (
			);
			runOnlyForDeploymentPostprocessing = 0;
		};
		7406EA651D6BFD28007808BB /* Frameworks */ = {
			isa = PBXFrameworksBuildPhase;
			buildActionMask = 2147483647;
			files = (
			);
			runOnlyForDeploymentPostprocessing = 0;
		};
		7406EA701D6BFD28007808BB /* Frameworks */ = {
			isa = PBXFrameworksBuildPhase;
			buildActionMask = 2147483647;
			files = (
			);
			runOnlyForDeploymentPostprocessing = 0;
		};
/* End PBXFrameworksBuildPhase section */

/* Begin PBXGroup section */
		7406EA461D6BFD27007808BB = {
			isa = PBXGroup;
			children = (
				7406EA511D6BFD27007808BB /* XBUtils */,
				7406EA6B1D6BFD28007808BB /* XBUtilsTests */,
				7406EA761D6BFD28007808BB /* XBUtilsUITests */,
				7406EA501D6BFD27007808BB /* Products */,
			);
			sourceTree = "<group>";
		};
		7406EA501D6BFD27007808BB /* Products */ = {
			isa = PBXGroup;
			children = (
				7406EA4F1D6BFD27007808BB /* XBUtils.app */,
				7406EA681D6BFD28007808BB /* XBUtilsTests.xctest */,
				7406EA731D6BFD28007808BB /* XBUtilsUITests.xctest */,
			);
			name = Products;
			sourceTree = "<group>";
		};
		7406EA511D6BFD27007808BB /* XBUtils */ = {
			isa = PBXGroup;
			children = (
				7439181F1DC04B8900FCA6C6 /* Class */,
				7406EA551D6BFD27007808BB /* AppDelegate.h */,
				7406EA561D6BFD28007808BB /* AppDelegate.m */,
				7406EA581D6BFD28007808BB /* ViewController.h */,
				7406EA591D6BFD28007808BB /* ViewController.m */,
				7406EA5B1D6BFD28007808BB /* Main.storyboard */,
				7406EA5E1D6BFD28007808BB /* Assets.xcassets */,
				7406EA601D6BFD28007808BB /* LaunchScreen.storyboard */,
				7406EA631D6BFD28007808BB /* Info.plist */,
				7406EA521D6BFD27007808BB /* Supporting Files */,
			);
			path = XBUtils;
			sourceTree = "<group>";
		};
		7406EA521D6BFD27007808BB /* Supporting Files */ = {
			isa = PBXGroup;
			children = (
				7406EA531D6BFD27007808BB /* main.m */,
			);
			name = "Supporting Files";
			sourceTree = "<group>";
		};
		7406EA6B1D6BFD28007808BB /* XBUtilsTests */ = {
			isa = PBXGroup;
			children = (
				7406EA6C1D6BFD28007808BB /* XBUtilsTests.m */,
				7406EA6E1D6BFD28007808BB /* Info.plist */,
			);
			path = XBUtilsTests;
			sourceTree = "<group>";
		};
		7406EA761D6BFD28007808BB /* XBUtilsUITests */ = {
			isa = PBXGroup;
			children = (
				7406EA771D6BFD28007808BB /* XBUtilsUITests.m */,
				7406EA791D6BFD28007808BB /* Info.plist */,
			);
			path = XBUtilsUITests;
			sourceTree = "<group>";
		};
		742239B71F271E2E00006908 /* UIView */ = {
			isa = PBXGroup;
			children = (
				742239B81F271E2E00006908 /* UIView+CornerRadius.h */,
				742239B91F271E2E00006908 /* UIView+CornerRadius.m */,
				742239BA1F271E2E00006908 /* UIView+DashLine.h */,
				742239BB1F271E2E00006908 /* UIView+DashLine.m */,
				742239BC1F271E2E00006908 /* UIView+XBAdd.h */,
				742239BD1F271E2E00006908 /* UIView+XBAdd.m */,
			);
			path = UIView;
			sourceTree = "<group>";
		};
		7439181F1DC04B8900FCA6C6 /* Class */ = {
			isa = PBXGroup;
			children = (
				743918201DC04B8900FCA6C6 /* Base */,
				743918241DC04B8900FCA6C6 /* Utility */,
				7439182C1DC04B8900FCA6C6 /* XBUtils.h */,
			);
			path = Class;
			sourceTree = "<group>";
		};
		743918201DC04B8900FCA6C6 /* Base */ = {
			isa = PBXGroup;
			children = (
				743918311DC04C0000FCA6C6 /* Foundation */,
				743918211DC04B8900FCA6C6 /* UIKit */,
			);
			path = Base;
			sourceTree = "<group>";
		};
		743918211DC04B8900FCA6C6 /* UIKit */ = {
			isa = PBXGroup;
			children = (
				742239B71F271E2E00006908 /* UIView */,
				7474AD131F316FAE0040D241 /* UIImage */,
				741BC14E1E2363AC0056F5B2 /* UIButton+XBPosition.h */,
				741BC14F1E2363AC0056F5B2 /* UIButton+XBPosition.m */,
			);
			path = UIKit;
			sourceTree = "<group>";
		};
		743918241DC04B8900FCA6C6 /* Utility */ = {
			isa = PBXGroup;
			children = (
				74723ABA1DC6E4A000509AB8 /* XBFileMD5Hash */,
				743918271DC04B8900FCA6C6 /* XBJsonKit */,
				743918321DC04E8600FCA6C6 /* AppVersionKit */,
				743918251DC04B8900FCA6C6 /* GCDMulticastDelegate.h */,
				743918261DC04B8900FCA6C6 /* GCDMulticastDelegate.m */,
				7439182A1DC04B8900FCA6C6 /* XBWeakProxy.h */,
				7439182B1DC04B8900FCA6C6 /* XBWeakProxy.m */,
				74FFF5051ECBFF7300B09B2B /* XBDispatchAfter.h */,
				74FFF5061ECBFF7300B09B2B /* XBDispatchAfter.m */,
			);
			path = Utility;
			sourceTree = "<group>";
		};
		743918271DC04B8900FCA6C6 /* XBJsonKit */ = {
			isa = PBXGroup;
			children = (
				743918281DC04B8900FCA6C6 /* XBJsonKit.h */,
				743918291DC04B8900FCA6C6 /* XBJsonKit.m */,
			);
			path = XBJsonKit;
			sourceTree = "<group>";
		};
		743918311DC04C0000FCA6C6 /* Foundation */ = {
			isa = PBXGroup;
			children = (
				7439C62E1EBC8009003C6C64 /* NSArray */,
				7439C62F1EBC8009003C6C64 /* NSNull */,
				7439C6321EBC8009003C6C64 /* NSURL */,
				74EDE3E51EA8B7C8001C3E00 /* NSString */,
			);
			path = Foundation;
			sourceTree = "<group>";
		};
		743918321DC04E8600FCA6C6 /* AppVersionKit */ = {
			isa = PBXGroup;
			children = (
				743918331DC04EED00FCA6C6 /* NSString+XBAppVersion.h */,
				743918341DC04EED00FCA6C6 /* NSString+XBAppVersion.m */,
				743918361DC053EC00FCA6C6 /* XBAppVersion.h */,
				743918371DC053EC00FCA6C6 /* XBAppVersion.m */,
			);
			path = AppVersionKit;
			sourceTree = "<group>";
		};
		7439C62E1EBC8009003C6C64 /* NSArray */ = {
			isa = PBXGroup;
			children = (
				7439C6371EBC8029003C6C64 /* NSMutableArray+SafeOperation.h */,
				7439C6381EBC8029003C6C64 /* NSMutableArray+SafeOperation.m */,
				7439C63A1EBC8067003C6C64 /* NSArray+ImageNames.h */,
				7439C63B1EBC8067003C6C64 /* NSArray+ImageNames.m */,
			);
			path = NSArray;
			sourceTree = "<group>";
		};
		7439C62F1EBC8009003C6C64 /* NSNull */ = {
			isa = PBXGroup;
			children = (
				7439C6301EBC8009003C6C64 /* NSNull+Safe.h */,
				7439C6311EBC8009003C6C64 /* NSNull+Safe.m */,
			);
			path = NSNull;
			sourceTree = "<group>";
		};
		7439C6321EBC8009003C6C64 /* NSURL */ = {
			isa = PBXGroup;
			children = (
				7439C6331EBC8009003C6C64 /* NSURL+ParameterParser.h */,
				7439C6341EBC8009003C6C64 /* NSURL+ParameterParser.m */,
			);
			path = NSURL;
			sourceTree = "<group>";
		};
		74723ABA1DC6E4A000509AB8 /* XBFileMD5Hash */ = {
			isa = PBXGroup;
			children = (
				74723ABB1DC6E4BC00509AB8 /* XBFileHash.h */,
				74723ABC1DC6E4BC00509AB8 /* XBFileHash.m */,
			);
			path = XBFileMD5Hash;
			sourceTree = "<group>";
		};
		7474AD131F316FAE0040D241 /* UIImage */ = {
			isa = PBXGroup;
			children = (
				7474AD141F316FAE0040D241 /* UIImage+ImageEffects.h */,
				7474AD151F316FAE0040D241 /* UIImage+ImageEffects.m */,
				7474AD171F3171910040D241 /* UIImage+XBAdd.h */,
				7474AD181F3171910040D241 /* UIImage+XBAdd.m */,
			);
			path = UIImage;
			sourceTree = "<group>";
		};
		74EDE3E51EA8B7C8001C3E00 /* NSString */ = {
			isa = PBXGroup;
			children = (
				74EDE3E61EA8B827001C3E00 /* NSString+Hashes.h */,
				74EDE3E71EA8B827001C3E00 /* NSString+Hashes.m */,
				74EDE3E91EA8BAC0001C3E00 /* NSString+DeviceHelper.h */,
				74EDE3EA1EA8BAC0001C3E00 /* NSString+DeviceHelper.m */,
				74F5E20A1EA99F7400F29E62 /* NSString+Size.h */,
				74F5E20B1EA99F7400F29E62 /* NSString+Size.m */,
			);
			path = NSString;
			sourceTree = "<group>";
		};
/* End PBXGroup section */

/* Begin PBXNativeTarget section */
		7406EA4E1D6BFD27007808BB /* XBUtils */ = {
			isa = PBXNativeTarget;
			buildConfigurationList = 7406EA7C1D6BFD28007808BB /* Build configuration list for PBXNativeTarget "XBUtils" */;
			buildPhases = (
				7406EA4B1D6BFD27007808BB /* Sources */,
				7406EA4C1D6BFD27007808BB /* Frameworks */,
				7406EA4D1D6BFD27007808BB /* Resources */,
			);
			buildRules = (
			);
			dependencies = (
			);
			name = XBUtils;
			productName = XBUtils;
			productReference = 7406EA4F1D6BFD27007808BB /* XBUtils.app */;
			productType = "com.apple.product-type.application";
		};
		7406EA671D6BFD28007808BB /* XBUtilsTests */ = {
			isa = PBXNativeTarget;
			buildConfigurationList = 7406EA7F1D6BFD28007808BB /* Build configuration list for PBXNativeTarget "XBUtilsTests" */;
			buildPhases = (
				7406EA641D6BFD28007808BB /* Sources */,
				7406EA651D6BFD28007808BB /* Frameworks */,
				7406EA661D6BFD28007808BB /* Resources */,
			);
			buildRules = (
			);
			dependencies = (
				7406EA6A1D6BFD28007808BB /* PBXTargetDependency */,
			);
			name = XBUtilsTests;
			productName = XBUtilsTests;
			productReference = 7406EA681D6BFD28007808BB /* XBUtilsTests.xctest */;
			productType = "com.apple.product-type.bundle.unit-test";
		};
		7406EA721D6BFD28007808BB /* XBUtilsUITests */ = {
			isa = PBXNativeTarget;
			buildConfigurationList = 7406EA821D6BFD28007808BB /* Build configuration list for PBXNativeTarget "XBUtilsUITests" */;
			buildPhases = (
				7406EA6F1D6BFD28007808BB /* Sources */,
				7406EA701D6BFD28007808BB /* Frameworks */,
				7406EA711D6BFD28007808BB /* Resources */,
			);
			buildRules = (
			);
			dependencies = (
				7406EA751D6BFD28007808BB /* PBXTargetDependency */,
			);
			name = XBUtilsUITests;
			productName = XBUtilsUITests;
			productReference = 7406EA731D6BFD28007808BB /* XBUtilsUITests.xctest */;
			productType = "com.apple.product-type.bundle.ui-testing";
		};
/* End PBXNativeTarget section */

/* Begin PBXProject section */
		7406EA471D6BFD27007808BB /* Project object */ = {
			isa = PBXProject;
			attributes = {
				LastUpgradeCheck = 0730;
				ORGANIZATIONNAME = xiabob;
				TargetAttributes = {
					7406EA4E1D6BFD27007808BB = {
						CreatedOnToolsVersion = 7.3;
						DevelopmentTeam = WPR8JVVW9L;
					};
					7406EA671D6BFD28007808BB = {
						CreatedOnToolsVersion = 7.3;
						TestTargetID = 7406EA4E1D6BFD27007808BB;
					};
					7406EA721D6BFD28007808BB = {
						CreatedOnToolsVersion = 7.3;
						TestTargetID = 7406EA4E1D6BFD27007808BB;
					};
				};
			};
			buildConfigurationList = 7406EA4A1D6BFD27007808BB /* Build configuration list for PBXProject "XBUtils" */;
			compatibilityVersion = "Xcode 3.2";
			developmentRegion = English;
			hasScannedForEncodings = 0;
			knownRegions = (
				en,
				Base,
			);
			mainGroup = 7406EA461D6BFD27007808BB;
			productRefGroup = 7406EA501D6BFD27007808BB /* Products */;
			projectDirPath = "";
			projectRoot = "";
			targets = (
				7406EA4E1D6BFD27007808BB /* XBUtils */,
				7406EA671D6BFD28007808BB /* XBUtilsTests */,
				7406EA721D6BFD28007808BB /* XBUtilsUITests */,
			);
		};
/* End PBXProject section */

/* Begin PBXResourcesBuildPhase section */
		7406EA4D1D6BFD27007808BB /* Resources */ = {
			isa = PBXResourcesBuildPhase;
			buildActionMask = 2147483647;
			files = (
				7406EA621D6BFD28007808BB /* LaunchScreen.storyboard in Resources */,
				7406EA5F1D6BFD28007808BB /* Assets.xcassets in Resources */,
				7406EA5D1D6BFD28007808BB /* Main.storyboard in Resources */,
			);
			runOnlyForDeploymentPostprocessing = 0;
		};
		7406EA661D6BFD28007808BB /* Resources */ = {
			isa = PBXResourcesBuildPhase;
			buildActionMask = 2147483647;
			files = (
			);
			runOnlyForDeploymentPostprocessing = 0;
		};
		7406EA711D6BFD28007808BB /* Resources */ = {
			isa = PBXResourcesBuildPhase;
			buildActionMask = 2147483647;
			files = (
			);
			runOnlyForDeploymentPostprocessing = 0;
		};
/* End PBXResourcesBuildPhase section */

/* Begin PBXSourcesBuildPhase section */
		7406EA4B1D6BFD27007808BB /* Sources */ = {
			isa = PBXSourcesBuildPhase;
			buildActionMask = 2147483647;
			files = (
				74723ABD1DC6E4BC00509AB8 /* XBFileHash.m in Sources */,
				74F5E20C1EA99F7400F29E62 /* NSString+Size.m in Sources */,
				7406EA5A1D6BFD28007808BB /* ViewController.m in Sources */,
				742239C01F271E2E00006908 /* UIView+XBAdd.m in Sources */,
				7474AD161F316FAE0040D241 /* UIImage+ImageEffects.m in Sources */,
				7474AD191F3171910040D241 /* UIImage+XBAdd.m in Sources */,
				7406EA571D6BFD28007808BB /* AppDelegate.m in Sources */,
				742239BE1F271E2E00006908 /* UIView+CornerRadius.m in Sources */,
				741BC1501E2363AC0056F5B2 /* UIButton+XBPosition.m in Sources */,
				7439C6361EBC8009003C6C64 /* NSURL+ParameterParser.m in Sources */,
				74FFF5071ECBFF7300B09B2B /* XBDispatchAfter.m in Sources */,
				7439C6351EBC8009003C6C64 /* NSNull+Safe.m in Sources */,
				7439C63C1EBC8067003C6C64 /* NSArray+ImageNames.m in Sources */,
				7406EA541D6BFD27007808BB /* main.m in Sources */,
				74EDE3EB1EA8BAC0001C3E00 /* NSString+DeviceHelper.m in Sources */,
				743918301DC04B8900FCA6C6 /* XBWeakProxy.m in Sources */,
				7439C6391EBC8029003C6C64 /* NSMutableArray+SafeOperation.m in Sources */,
				7439182F1DC04B8900FCA6C6 /* XBJsonKit.m in Sources */,
				743918351DC04EED00FCA6C6 /* NSString+XBAppVersion.m in Sources */,
				74EDE3E81EA8B827001C3E00 /* NSString+Hashes.m in Sources */,
				743918381DC053EC00FCA6C6 /* XBAppVersion.m in Sources */,
				742239BF1F271E2E00006908 /* UIView+DashLine.m in Sources */,
				7439182E1DC04B8900FCA6C6 /* GCDMulticastDelegate.m in Sources */,
			);
			runOnlyForDeploymentPostprocessing = 0;
		};
		7406EA641D6BFD28007808BB /* Sources */ = {
			isa = PBXSourcesBuildPhase;
			buildActionMask = 2147483647;
			files = (
				7406EA6D1D6BFD28007808BB /* XBUtilsTests.m in Sources */,
			);
			runOnlyForDeploymentPostprocessing = 0;
		};
		7406EA6F1D6BFD28007808BB /* Sources */ = {
			isa = PBXSourcesBuildPhase;
			buildActionMask = 2147483647;
			files = (
				7406EA781D6BFD28007808BB /* XBUtilsUITests.m in Sources */,
			);
			runOnlyForDeploymentPostprocessing = 0;
		};
/* End PBXSourcesBuildPhase section */

/* Begin PBXTargetDependency section */
		7406EA6A1D6BFD28007808BB /* PBXTargetDependency */ = {
			isa = PBXTargetDependency;
			target = 7406EA4E1D6BFD27007808BB /* XBUtils */;
			targetProxy = 7406EA691D6BFD28007808BB /* PBXContainerItemProxy */;
		};
		7406EA751D6BFD28007808BB /* PBXTargetDependency */ = {
			isa = PBXTargetDependency;
			target = 7406EA4E1D6BFD27007808BB /* XBUtils */;
			targetProxy = 7406EA741D6BFD28007808BB /* PBXContainerItemProxy */;
		};
/* End PBXTargetDependency section */

/* Begin PBXVariantGroup section */
		7406EA5B1D6BFD28007808BB /* Main.storyboard */ = {
			isa = PBXVariantGroup;
			children = (
				7406EA5C1D6BFD28007808BB /* Base */,
			);
			name = Main.storyboard;
			sourceTree = "<group>";
		};
		7406EA601D6BFD28007808BB /* LaunchScreen.storyboard */ = {
			isa = PBXVariantGroup;
			children = (
				7406EA611D6BFD28007808BB /* Base */,
			);
			name = LaunchScreen.storyboard;
			sourceTree = "<group>";
		};
/* End PBXVariantGroup section */

/* Begin XCBuildConfiguration section */
		7406EA7A1D6BFD28007808BB /* Debug */ = {
			isa = XCBuildConfiguration;
			buildSettings = {
				ALWAYS_SEARCH_USER_PATHS = NO;
				CLANG_ANALYZER_NONNULL = YES;
				CLANG_CXX_LANGUAGE_STANDARD = "gnu++0x";
				CLANG_CXX_LIBRARY = "libc++";
				CLANG_ENABLE_MODULES = YES;
				CLANG_ENABLE_OBJC_ARC = YES;
				CLANG_WARN_BOOL_CONVERSION = YES;
				CLANG_WARN_CONSTANT_CONVERSION = YES;
				CLANG_WARN_DIRECT_OBJC_ISA_USAGE = YES_ERROR;
				CLANG_WARN_EMPTY_BODY = YES;
				CLANG_WARN_ENUM_CONVERSION = YES;
				CLANG_WARN_INT_CONVERSION = YES;
				CLANG_WARN_OBJC_ROOT_CLASS = YES_ERROR;
				CLANG_WARN_UNREACHABLE_CODE = YES;
				CLANG_WARN__DUPLICATE_METHOD_MATCH = YES;
				"CODE_SIGN_IDENTITY[sdk=iphoneos*]" = "iPhone Developer";
				COPY_PHASE_STRIP = NO;
				DEBUG_INFORMATION_FORMAT = dwarf;
				ENABLE_STRICT_OBJC_MSGSEND = YES;
				ENABLE_TESTABILITY = YES;
				GCC_C_LANGUAGE_STANDARD = gnu99;
				GCC_DYNAMIC_NO_PIC = NO;
				GCC_NO_COMMON_BLOCKS = YES;
				GCC_OPTIMIZATION_LEVEL = 0;
				GCC_PREPROCESSOR_DEFINITIONS = (
					"DEBUG=1",
					"$(inherited)",
				);
				GCC_WARN_64_TO_32_BIT_CONVERSION = YES;
				GCC_WARN_ABOUT_RETURN_TYPE = YES_ERROR;
				GCC_WARN_UNDECLARED_SELECTOR = YES;
				GCC_WARN_UNINITIALIZED_AUTOS = YES_AGGRESSIVE;
				GCC_WARN_UNUSED_FUNCTION = YES;
				GCC_WARN_UNUSED_VARIABLE = YES;
				IPHONEOS_DEPLOYMENT_TARGET = 9.3;
				MTL_ENABLE_DEBUG_INFO = YES;
				ONLY_ACTIVE_ARCH = YES;
				SDKROOT = iphoneos;
			};
			name = Debug;
		};
		7406EA7B1D6BFD28007808BB /* Release */ = {
			isa = XCBuildConfiguration;
			buildSettings = {
				ALWAYS_SEARCH_USER_PATHS = NO;
				CLANG_ANALYZER_NONNULL = YES;
				CLANG_CXX_LANGUAGE_STANDARD = "gnu++0x";
				CLANG_CXX_LIBRARY = "libc++";
				CLANG_ENABLE_MODULES = YES;
				CLANG_ENABLE_OBJC_ARC = YES;
				CLANG_WARN_BOOL_CONVERSION = YES;
				CLANG_WARN_CONSTANT_CONVERSION = YES;
				CLANG_WARN_DIRECT_OBJC_ISA_USAGE = YES_ERROR;
				CLANG_WARN_EMPTY_BODY = YES;
				CLANG_WARN_ENUM_CONVERSION = YES;
				CLANG_WARN_INT_CONVERSION = YES;
				CLANG_WARN_OBJC_ROOT_CLASS = YES_ERROR;
				CLANG_WARN_UNREACHABLE_CODE = YES;
				CLANG_WARN__DUPLICATE_METHOD_MATCH = YES;
				"CODE_SIGN_IDENTITY[sdk=iphoneos*]" = "iPhone Developer";
				COPY_PHASE_STRIP = NO;
				DEBUG_INFORMATION_FORMAT = "dwarf-with-dsym";
				ENABLE_NS_ASSERTIONS = NO;
				ENABLE_STRICT_OBJC_MSGSEND = YES;
				GCC_C_LANGUAGE_STANDARD = gnu99;
				GCC_NO_COMMON_BLOCKS = YES;
				GCC_WARN_64_TO_32_BIT_CONVERSION = YES;
				GCC_WARN_ABOUT_RETURN_TYPE = YES_ERROR;
				GCC_WARN_UNDECLARED_SELECTOR = YES;
				GCC_WARN_UNINITIALIZED_AUTOS = YES_AGGRESSIVE;
				GCC_WARN_UNUSED_FUNCTION = YES;
				GCC_WARN_UNUSED_VARIABLE = YES;
				IPHONEOS_DEPLOYMENT_TARGET = 9.3;
				MTL_ENABLE_DEBUG_INFO = NO;
				SDKROOT = iphoneos;
				VALIDATE_PRODUCT = YES;
			};
			name = Release;
		};
		7406EA7D1D6BFD28007808BB /* Debug */ = {
			isa = XCBuildConfiguration;
			buildSettings = {
				ASSETCATALOG_COMPILER_APPICON_NAME = AppIcon;
				DEVELOPMENT_TEAM = WPR8JVVW9L;
				INFOPLIST_FILE = XBUtils/Info.plist;
				IPHONEOS_DEPLOYMENT_TARGET = 7.0;
				LD_RUNPATH_SEARCH_PATHS = "$(inherited) @executable_path/Frameworks";
				PRODUCT_BUNDLE_IDENTIFIER = com.xiabob.XBUtils;
				PRODUCT_NAME = "$(TARGET_NAME)";
			};
			name = Debug;
		};
		7406EA7E1D6BFD28007808BB /* Release */ = {
			isa = XCBuildConfiguration;
			buildSettings = {
				ASSETCATALOG_COMPILER_APPICON_NAME = AppIcon;
				DEVELOPMENT_TEAM = WPR8JVVW9L;
				INFOPLIST_FILE = XBUtils/Info.plist;
				IPHONEOS_DEPLOYMENT_TARGET = 7.0;
				LD_RUNPATH_SEARCH_PATHS = "$(inherited) @executable_path/Frameworks";
				PRODUCT_BUNDLE_IDENTIFIER = com.xiabob.XBUtils;
				PRODUCT_NAME = "$(TARGET_NAME)";
			};
			name = Release;
		};
		7406EA801D6BFD28007808BB /* Debug */ = {
			isa = XCBuildConfiguration;
			buildSettings = {
				BUNDLE_LOADER = "$(TEST_HOST)";
				INFOPLIST_FILE = XBUtilsTests/Info.plist;
				LD_RUNPATH_SEARCH_PATHS = "$(inherited) @executable_path/Frameworks @loader_path/Frameworks";
				PRODUCT_BUNDLE_IDENTIFIER = com.xiabob.XBUtilsTests;
				PRODUCT_NAME = "$(TARGET_NAME)";
				TEST_HOST = "$(BUILT_PRODUCTS_DIR)/XBUtils.app/XBUtils";
			};
			name = Debug;
		};
		7406EA811D6BFD28007808BB /* Release */ = {
			isa = XCBuildConfiguration;
			buildSettings = {
				BUNDLE_LOADER = "$(TEST_HOST)";
				INFOPLIST_FILE = XBUtilsTests/Info.plist;
				LD_RUNPATH_SEARCH_PATHS = "$(inherited) @executable_path/Frameworks @loader_path/Frameworks";
				PRODUCT_BUNDLE_IDENTIFIER = com.xiabob.XBUtilsTests;
				PRODUCT_NAME = "$(TARGET_NAME)";
				TEST_HOST = "$(BUILT_PRODUCTS_DIR)/XBUtils.app/XBUtils";
			};
			name = Release;
		};
		7406EA831D6BFD28007808BB /* Debug */ = {
			isa = XCBuildConfiguration;
			buildSettings = {
				INFOPLIST_FILE = XBUtilsUITests/Info.plist;
				LD_RUNPATH_SEARCH_PATHS = "$(inherited) @executable_path/Frameworks @loader_path/Frameworks";
				PRODUCT_BUNDLE_IDENTIFIER = com.xiabob.XBUtilsUITests;
				PRODUCT_NAME = "$(TARGET_NAME)";
				TEST_TARGET_NAME = XBUtils;
			};
			name = Debug;
		};
		7406EA841D6BFD28007808BB /* Release */ = {
			isa = XCBuildConfiguration;
			buildSettings = {
				INFOPLIST_FILE = XBUtilsUITests/Info.plist;
				LD_RUNPATH_SEARCH_PATHS = "$(inherited) @executable_path/Frameworks @loader_path/Frameworks";
				PRODUCT_BUNDLE_IDENTIFIER = com.xiabob.XBUtilsUITests;
				PRODUCT_NAME = "$(TARGET_NAME)";
				TEST_TARGET_NAME = XBUtils;
			};
			name = Release;
		};
/* End XCBuildConfiguration section */

/* Begin XCConfigurationList section */
		7406EA4A1D6BFD27007808BB /* Build configuration list for PBXProject "XBUtils" */ = {
			isa = XCConfigurationList;
			buildConfigurations = (
				7406EA7A1D6BFD28007808BB /* Debug */,
				7406EA7B1D6BFD28007808BB /* Release */,
			);
			defaultConfigurationIsVisible = 0;
			defaultConfigurationName = Release;
		};
		7406EA7C1D6BFD28007808BB /* Build configuration list for PBXNativeTarget "XBUtils" */ = {
			isa = XCConfigurationList;
			buildConfigurations = (
				7406EA7D1D6BFD28007808BB /* Debug */,
				7406EA7E1D6BFD28007808BB /* Release */,
			);
			defaultConfigurationIsVisible = 0;
			defaultConfigurationName = Release;
		};
		7406EA7F1D6BFD28007808BB /* Build configuration list for PBXNativeTarget "XBUtilsTests" */ = {
			isa = XCConfigurationList;
			buildConfigurations = (
				7406EA801D6BFD28007808BB /* Debug */,
				7406EA811D6BFD28007808BB /* Release */,
			);
			defaultConfigurationIsVisible = 0;
			defaultConfigurationName = Release;
		};
		7406EA821D6BFD28007808BB /* Build configuration list for PBXNativeTarget "XBUtilsUITests" */ = {
			isa = XCConfigurationList;
			buildConfigurations = (
				7406EA831D6BFD28007808BB /* Debug */,
				7406EA841D6BFD28007808BB /* Release */,
			);
			defaultConfigurationIsVisible = 0;
			defaultConfigurationName = Release;
		};
/* End XCConfigurationList section */
	};
	rootObject = 7406EA471D6BFD27007808BB /* Project object */;
}
